{
  "version": 4,
  "terraform_version": "1.14.3",
  "serial": 3,
  "lineage": "cd02930a-27db-2a1c-0843-b7caa4a20f7a",
  "outputs": {
    "ct_hostname": {
      "value": "infra-tf-test",
      "type": "string"
    },
    "ct_id": {
      "value": 601,
      "type": "number"
    },
    "ct_ip": {
      "value": "192.168.1.99/24",
      "type": "string"
    }
  },
  "resources": [
    {
      "mode": "managed",
      "type": "proxmox_virtual_environment_container",
      "name": "tf_test",
      "provider": "provider[\"registry.terraform.io/bpg/proxmox\"]",
      "instances": [
        {
          "schema_version": 0,
          "attributes": {
            "clone": [
              {
                "datastore_id": "local-lvm",
                "node_name": "pve",
                "vm_id": 106
              }
            ],
            "console": [],
            "cpu": [],
            "description": "Managed by Terraform (smoke test: clone CT template)\n",
            "device_passthrough": [],
            "disk": [],
            "environment_variables": null,
            "features": [],
            "hook_script_file_id": null,
            "id": "601",
            "initialization": [
              {
                "dns": [
                  {
                    "domain": "",
                    "server": "",
                    "servers": [
                      "192.168.1.254"
                    ]
                  }
                ],
                "hostname": "infra-tf-test",
                "ip_config": [
                  {
                    "ipv4": [
                      {
                        "address": "192.168.1.99/24",
                        "gateway": "192.168.1.254"
                      }
                    ],
                    "ipv6": []
                  }
                ],
                "user_account": []
              }
            ],
            "ipv4": {},
            "ipv6": {},
            "memory": [],
            "mount_point": [],
            "network_interface": [],
            "node_name": "pve",
            "operating_system": [],
            "pool_id": null,
            "protection": false,
            "start_on_boot": true,
            "started": true,
            "startup": [],
            "tags": [
              "infra",
              "terraform",
              "test"
            ],
            "template": false,
            "timeout_clone": 1800,
            "timeout_create": 1800,
            "timeout_delete": 60,
            "timeout_start": 300,
            "timeout_update": 1800,
            "unprivileged": false,
            "vm_id": 601,
            "wait_for_ip": []
          },
          "sensitive_attributes": [],
          "identity_schema_version": 0,
          "private": "bnVsbA=="
        }
      ]
    }
  ],
  "check_results": null
}
