{
  "version": 4,
  "terraform_version": "1.14.3",
  "serial": 142,
  "lineage": "cd02930a-27db-2a1c-0843-b7caa4a20f7a",
  "outputs": {
    "services": {
      "value": {
        "infra-blackbox": {
          "cpu": 1,
          "disk_gb": 8,
          "dns": [
            "192.168.1.254"
          ],
          "gateway": "192.168.1.254",
          "ip": "192.168.1.116/24",
          "memory": 512,
          "name": "infra-blackbox",
          "storage": "local-lvm",
          "tags": [
            "infra",
            "mailerblend",
            "monitoring",
            "prometheus",
            "prod",
            "nucleotecnologico"
          ],
          "template": 104,
          "vm_id": 616
        },
        "infra-composable-crm": {
          "cpu": 2,
          "disk_gb": 50,
          "dns": [
            "192.168.1.254"
          ],
          "gateway": "192.168.1.254",
          "ip": "192.168.1.118/24",
          "memory": 4096,
          "name": "infra-composable-crm",
          "storage": "local-lvm",
          "tags": [
            "infra",
            "internal",
            "crm",
            "composable"
          ],
          "template": 104,
          "vm_id": 618
        },
        "infra-grafana": {
          "cpu": 1,
          "disk_gb": 15,
          "dns": [
            "192.168.1.254"
          ],
          "gateway": "192.168.1.254",
          "ip": "192.168.1.111/24",
          "memory": 1048,
          "name": "infra-grafana",
          "storage": "local-lvm",
          "tags": [
            "infra",
            "monitoring",
            "grafana"
          ],
          "template": 104,
          "vm_id": 611
        },
        "infra-hola": {
          "cpu": 1,
          "disk_gb": 8,
          "dns": [
            "192.168.1.254"
          ],
          "gateway": "192.168.1.254",
          "ip": "192.168.1.113/24",
          "memory": 512,
          "name": "infra-hola",
          "storage": "local-lvm",
          "tags": [
            "infra",
            "demo",
            "hola"
          ],
          "template": 104,
          "vm_id": 613
        },
        "infra-mailerblend-edge": {
          "cpu": 2,
          "disk_gb": 16,
          "dns": [
            "192.168.1.254"
          ],
          "gateway": "192.168.1.254",
          "ip": "192.168.1.115/24",
          "memory": 2048,
          "name": "infra-mailerblend-edge",
          "storage": "local-lvm",
          "tags": [
            "infra",
            "mailerblend",
            "sgtm",
            "prod"
          ],
          "template": 104,
          "vm_id": 615
        },
        "infra-nucleoedge": {
          "cpu": 2,
          "disk_gb": 16,
          "dns": [
            "192.168.1.254"
          ],
          "gateway": "192.168.1.254",
          "ip": "192.168.1.114/24",
          "memory": 2048,
          "name": "infra-nucleoedge",
          "storage": "local-lvm",
          "tags": [
            "infra",
            "nucleo",
            "sgtm",
            "prod"
          ],
          "template": 104,
          "vm_id": 614
        },
        "infra-orbit": {
          "cpu": 1,
          "disk_gb": 8,
          "dns": [
            "192.168.1.254"
          ],
          "gateway": "192.168.1.254",
          "ip": "192.168.1.117/24",
          "memory": 512,
          "name": "infra-orbit",
          "storage": "local-lvm",
          "tags": [
            "infra",
            "internal",
            "analytics",
            "Nucleo-tecnologico"
          ],
          "template": 104,
          "vm_id": 617
        },
        "infra-prom": {
          "cpu": 2,
          "disk_gb": 25,
          "dns": [
            "192.168.1.254"
          ],
          "gateway": "192.168.1.254",
          "ip": "192.168.1.110/24",
          "memory": 2048,
          "name": "infra-prom",
          "storage": "local-lvm",
          "tags": [
            "infra",
            "monitoring",
            "prometheus"
          ],
          "template": 104,
          "vm_id": 610
        },
        "infra-pulpo": {
          "cpu": 2,
          "disk_gb": 16,
          "dns": [
            "192.168.1.254"
          ],
          "gateway": "192.168.1.254",
          "ip": "192.168.1.119/24",
          "memory": 2048,
          "name": "infra-pulpo",
          "storage": "local-lvm",
          "tags": [
            "infra",
            "internal",
            "automation"
          ],
          "template": 104,
          "vm_id": 619
        },
        "infra-svc01": {
          "cpu": 3,
          "disk_gb": 40,
          "dns": [
            "192.168.1.254"
          ],
          "gateway": "192.168.1.254",
          "ip": "192.168.1.112/24",
          "memory": 6656,
          "name": "svc01",
          "storage": "local-lvm",
          "tags": [
            "infra",
            "generic",
            "internal",
            "nocodb"
          ],
          "template": 104,
          "vm_id": 61211
        }
      },
      "type": [
        "object",
        {
          "infra-blackbox": [
            "object",
            {
              "cpu": "number",
              "disk_gb": "number",
              "dns": [
                "tuple",
                [
                  "string"
                ]
              ],
              "gateway": "string",
              "ip": "string",
              "memory": "number",
              "name": "string",
              "storage": "string",
              "tags": [
                "list",
                "string"
              ],
              "template": "number",
              "vm_id": "number"
            }
          ],
          "infra-composable-crm": [
            "object",
            {
              "cpu": "number",
              "disk_gb": "number",
              "dns": [
                "tuple",
                [
                  "string"
                ]
              ],
              "gateway": "string",
              "ip": "string",
              "memory": "number",
              "name": "string",
              "storage": "string",
              "tags": [
                "list",
                "string"
              ],
              "template": "number",
              "vm_id": "number"
            }
          ],
          "infra-grafana": [
            "object",
            {
              "cpu": "number",
              "disk_gb": "number",
              "dns": [
                "tuple",
                [
                  "string"
                ]
              ],
              "gateway": "string",
              "ip": "string",
              "memory": "number",
              "name": "string",
              "storage": "string",
              "tags": [
                "list",
                "string"
              ],
              "template": "number",
              "vm_id": "number"
            }
          ],
          "infra-hola": [
            "object",
            {
              "cpu": "number",
              "disk_gb": "number",
              "dns": [
                "tuple",
                [
                  "string"
                ]
              ],
              "gateway": "string",
              "ip": "string",
              "memory": "number",
              "name": "string",
              "storage": "string",
              "tags": [
                "list",
                "string"
              ],
              "template": "number",
              "vm_id": "number"
            }
          ],
          "infra-mailerblend-edge": [
            "object",
            {
              "cpu": "number",
              "disk_gb": "number",
              "dns": [
                "tuple",
                [
                  "string"
                ]
              ],
              "gateway": "string",
              "ip": "string",
              "memory": "number",
              "name": "string",
              "storage": "string",
              "tags": [
                "list",
                "string"
              ],
              "template": "number",
              "vm_id": "number"
            }
          ],
          "infra-nucleoedge": [
            "object",
            {
              "cpu": "number",
              "disk_gb": "number",
              "dns": [
                "tuple",
                [
                  "string"
                ]
              ],
              "gateway": "string",
              "ip": "string",
              "memory": "number",
              "name": "string",
              "storage": "string",
              "tags": [
                "list",
                "string"
              ],
              "template": "number",
              "vm_id": "number"
            }
          ],
          "infra-orbit": [
            "object",
            {
              "cpu": "number",
              "disk_gb": "number",
              "dns": [
                "tuple",
                [
                  "string"
                ]
              ],
              "gateway": "string",
              "ip": "string",
              "memory": "number",
              "name": "string",
              "storage": "string",
              "tags": [
                "list",
                "string"
              ],
              "template": "number",
              "vm_id": "number"
            }
          ],
          "infra-prom": [
            "object",
            {
              "cpu": "number",
              "disk_gb": "number",
              "dns": [
                "tuple",
                [
                  "string"
                ]
              ],
              "gateway": "string",
              "ip": "string",
              "memory": "number",
              "name": "string",
              "storage": "string",
              "tags": [
                "list",
                "string"
              ],
              "template": "number",
              "vm_id": "number"
            }
          ],
          "infra-pulpo": [
            "object",
            {
              "cpu": "number",
              "disk_gb": "number",
              "dns": [
                "tuple",
                [
                  "string"
                ]
              ],
              "gateway": "string",
              "ip": "string",
              "memory": "number",
              "name": "string",
              "storage": "string",
              "tags": [
                "list",
                "string"
              ],
              "template": "number",
              "vm_id": "number"
            }
          ],
          "infra-svc01": [
            "object",
            {
              "cpu": "number",
              "disk_gb": "number",
              "dns": [
                "tuple",
                [
                  "string"
                ]
              ],
              "gateway": "string",
              "ip": "string",
              "memory": "number",
              "name": "string",
              "storage": "string",
              "tags": [
                "list",
                "string"
              ],
              "template": "number",
              "vm_id": "number"
            }
          ]
        }
      ]
    }
  },
  "resources": [
    {
      "mode": "managed",
      "type": "proxmox_virtual_environment_container",
      "name": "svc",
      "provider": "provider[\"registry.terraform.io/bpg/proxmox\"]",
      "instances": [
        {
          "index_key": "infra-blackbox",
          "schema_version": 0,
          "attributes": {
            "clone": [
              {
                "datastore_id": "local-lvm",
                "node_name": "pve",
                "vm_id": 104
              }
            ],
            "console": [],
            "cpu": [
              {
                "architecture": "amd64",
                "cores": 1,
                "units": 1024
              }
            ],
            "description": "Managed by Terraform - Service: infra-blackbox\n",
            "device_passthrough": [],
            "disk": [
              {
                "acl": false,
                "datastore_id": "local-lvm",
                "mount_options": null,
                "quota": false,
                "replicate": false,
                "size": 10
              }
            ],
            "environment_variables": null,
            "features": [
              {
                "fuse": false,
                "keyctl": true,
                "mount": null,
                "nesting": true
              }
            ],
            "hook_script_file_id": null,
            "id": "616",
            "initialization": [
              {
                "dns": [
                  {
                    "domain": "",
                    "server": "",
                    "servers": [
                      "192.168.1.254"
                    ]
                  }
                ],
                "hostname": "infra-blackbox",
                "ip_config": [
                  {
                    "ipv4": [
                      {
                        "address": "192.168.1.116/24",
                        "gateway": "192.168.1.254"
                      }
                    ],
                    "ipv6": []
                  }
                ],
                "user_account": []
              }
            ],
            "ipv4": {},
            "ipv6": {},
            "memory": [
              {
                "dedicated": 512,
                "swap": 512
              }
            ],
            "mount_point": [],
            "network_interface": [],
            "node_name": "pve",
            "operating_system": [],
            "pool_id": null,
            "protection": false,
            "start_on_boot": true,
            "started": true,
            "startup": [],
            "tags": [
              "infra",
              "mailerblend",
              "monitoring",
              "prod",
              "prometheus"
            ],
            "template": false,
            "timeout_clone": 1800,
            "timeout_create": 1800,
            "timeout_delete": 60,
            "timeout_start": 300,
            "timeout_update": 1800,
            "unprivileged": false,
            "vm_id": 616,
            "wait_for_ip": []
          },
          "sensitive_attributes": [],
          "identity_schema_version": 0,
          "private": "bnVsbA=="
        },
        {
          "index_key": "infra-composable-crm",
          "schema_version": 0,
          "attributes": {
            "clone": [
              {
                "datastore_id": "local-lvm",
                "node_name": "pve",
                "vm_id": 104
              }
            ],
            "console": [],
            "cpu": [
              {
                "architecture": "amd64",
                "cores": 2,
                "units": 1024
              }
            ],
            "description": "Managed by Terraform - Service: infra-composable-crm\n",
            "device_passthrough": [],
            "disk": [
              {
                "acl": false,
                "datastore_id": "local-lvm",
                "mount_options": null,
                "quota": false,
                "replicate": false,
                "size": 10
              }
            ],
            "environment_variables": null,
            "features": [
              {
                "fuse": false,
                "keyctl": true,
                "mount": null,
                "nesting": true
              }
            ],
            "hook_script_file_id": null,
            "id": "618",
            "initialization": [
              {
                "dns": [
                  {
                    "domain": "",
                    "server": "",
                    "servers": [
                      "192.168.1.254"
                    ]
                  }
                ],
                "hostname": "infra-composable-crm",
                "ip_config": [
                  {
                    "ipv4": [
                      {
                        "address": "192.168.1.118/24",
                        "gateway": "192.168.1.254"
                      }
                    ],
                    "ipv6": []
                  }
                ],
                "user_account": []
              }
            ],
            "ipv4": {},
            "ipv6": {},
            "memory": [
              {
                "dedicated": 4096,
                "swap": 512
              }
            ],
            "mount_point": [],
            "network_interface": [],
            "node_name": "pve",
            "operating_system": [],
            "pool_id": null,
            "protection": false,
            "start_on_boot": true,
            "started": true,
            "startup": [],
            "tags": [
              "composable",
              "crm",
              "infra",
              "internal"
            ],
            "template": false,
            "timeout_clone": 1800,
            "timeout_create": 1800,
            "timeout_delete": 60,
            "timeout_start": 300,
            "timeout_update": 1800,
            "unprivileged": false,
            "vm_id": 618,
            "wait_for_ip": []
          },
          "sensitive_attributes": [],
          "identity_schema_version": 0,
          "private": "bnVsbA=="
        },
        {
          "index_key": "infra-grafana",
          "schema_version": 0,
          "attributes": {
            "clone": [
              {
                "datastore_id": "local-lvm",
                "node_name": "pve",
                "vm_id": 104
              }
            ],
            "console": [],
            "cpu": [
              {
                "architecture": "amd64",
                "cores": 1,
                "units": 1024
              }
            ],
            "description": "Managed by Terraform - Service: infra-grafana\n",
            "device_passthrough": [],
            "disk": [
              {
                "acl": false,
                "datastore_id": "local-lvm",
                "mount_options": null,
                "quota": false,
                "replicate": false,
                "size": 10
              }
            ],
            "environment_variables": null,
            "features": [
              {
                "fuse": false,
                "keyctl": true,
                "mount": null,
                "nesting": true
              }
            ],
            "hook_script_file_id": null,
            "id": "611",
            "initialization": [
              {
                "dns": [
                  {
                    "domain": "",
                    "server": "",
                    "servers": [
                      "192.168.1.254"
                    ]
                  }
                ],
                "hostname": "infra-grafana",
                "ip_config": [
                  {
                    "ipv4": [
                      {
                        "address": "192.168.1.111/24",
                        "gateway": "192.168.1.254"
                      }
                    ],
                    "ipv6": []
                  }
                ],
                "user_account": []
              }
            ],
            "ipv4": {},
            "ipv6": {},
            "memory": [
              {
                "dedicated": 1048,
                "swap": 512
              }
            ],
            "mount_point": [],
            "network_interface": [],
            "node_name": "pve",
            "operating_system": [],
            "pool_id": null,
            "protection": false,
            "start_on_boot": true,
            "started": true,
            "startup": [],
            "tags": [
              "grafana",
              "infra",
              "monitoring"
            ],
            "template": false,
            "timeout_clone": 1800,
            "timeout_create": 1800,
            "timeout_delete": 60,
            "timeout_start": 300,
            "timeout_update": 1800,
            "unprivileged": false,
            "vm_id": 611,
            "wait_for_ip": []
          },
          "sensitive_attributes": [],
          "identity_schema_version": 0,
          "private": "bnVsbA=="
        },
        {
          "index_key": "infra-hola",
          "schema_version": 0,
          "attributes": {
            "clone": [
              {
                "datastore_id": "local-lvm",
                "node_name": "pve",
                "vm_id": 104
              }
            ],
            "console": [],
            "cpu": [
              {
                "architecture": "amd64",
                "cores": 1,
                "units": 1024
              }
            ],
            "description": "Managed by Terraform - Service: infra-hola\n",
            "device_passthrough": [],
            "disk": [
              {
                "acl": false,
                "datastore_id": "local-lvm",
                "mount_options": null,
                "quota": false,
                "replicate": false,
                "size": 10
              }
            ],
            "environment_variables": null,
            "features": [
              {
                "fuse": false,
                "keyctl": true,
                "mount": null,
                "nesting": true
              }
            ],
            "hook_script_file_id": null,
            "id": "613",
            "initialization": [
              {
                "dns": [
                  {
                    "domain": "",
                    "server": "",
                    "servers": [
                      "192.168.1.254"
                    ]
                  }
                ],
                "hostname": "infra-hola",
                "ip_config": [
                  {
                    "ipv4": [
                      {
                        "address": "192.168.1.113/24",
                        "gateway": "192.168.1.254"
                      }
                    ],
                    "ipv6": []
                  }
                ],
                "user_account": []
              }
            ],
            "ipv4": {},
            "ipv6": {},
            "memory": [
              {
                "dedicated": 512,
                "swap": 512
              }
            ],
            "mount_point": [],
            "network_interface": [],
            "node_name": "pve",
            "operating_system": [],
            "pool_id": null,
            "protection": false,
            "start_on_boot": true,
            "started": true,
            "startup": [],
            "tags": [
              "demo",
              "hola",
              "infra"
            ],
            "template": false,
            "timeout_clone": 1800,
            "timeout_create": 1800,
            "timeout_delete": 60,
            "timeout_start": 300,
            "timeout_update": 1800,
            "unprivileged": false,
            "vm_id": 613,
            "wait_for_ip": []
          },
          "sensitive_attributes": [],
          "identity_schema_version": 0,
          "private": "bnVsbA=="
        },
        {
          "index_key": "infra-mailerblend-edge",
          "schema_version": 0,
          "attributes": {
            "clone": [
              {
                "datastore_id": "local-lvm",
                "node_name": "pve",
                "vm_id": 104
              }
            ],
            "console": [],
            "cpu": [
              {
                "architecture": "amd64",
                "cores": 2,
                "units": 1024
              }
            ],
            "description": "Managed by Terraform - Service: infra-mailerblend-edge\n",
            "device_passthrough": [],
            "disk": [
              {
                "acl": false,
                "datastore_id": "local-lvm",
                "mount_options": null,
                "quota": false,
                "replicate": false,
                "size": 10
              }
            ],
            "environment_variables": null,
            "features": [
              {
                "fuse": false,
                "keyctl": true,
                "mount": null,
                "nesting": true
              }
            ],
            "hook_script_file_id": null,
            "id": "615",
            "initialization": [
              {
                "dns": [
                  {
                    "domain": "",
                    "server": "",
                    "servers": [
                      "192.168.1.254"
                    ]
                  }
                ],
                "hostname": "infra-mailerblend-edge",
                "ip_config": [
                  {
                    "ipv4": [
                      {
                        "address": "192.168.1.115/24",
                        "gateway": "192.168.1.254"
                      }
                    ],
                    "ipv6": []
                  }
                ],
                "user_account": []
              }
            ],
            "ipv4": {},
            "ipv6": {},
            "memory": [
              {
                "dedicated": 2048,
                "swap": 512
              }
            ],
            "mount_point": [],
            "network_interface": [],
            "node_name": "pve",
            "operating_system": [],
            "pool_id": null,
            "protection": false,
            "start_on_boot": true,
            "started": true,
            "startup": [],
            "tags": [
              "infra",
              "mailerblend",
              "prod",
              "sgtm"
            ],
            "template": false,
            "timeout_clone": 1800,
            "timeout_create": 1800,
            "timeout_delete": 60,
            "timeout_start": 300,
            "timeout_update": 1800,
            "unprivileged": false,
            "vm_id": 615,
            "wait_for_ip": []
          },
          "sensitive_attributes": [],
          "identity_schema_version": 0,
          "private": "bnVsbA=="
        },
        {
          "index_key": "infra-nucleoedge",
          "schema_version": 0,
          "attributes": {
            "clone": [
              {
                "datastore_id": "local-lvm",
                "node_name": "pve",
                "vm_id": 104
              }
            ],
            "console": [],
            "cpu": [
              {
                "architecture": "amd64",
                "cores": 2,
                "units": 1024
              }
            ],
            "description": "Managed by Terraform - Service: infra-nucleoedge\n",
            "device_passthrough": [],
            "disk": [
              {
                "acl": false,
                "datastore_id": "local-lvm",
                "mount_options": null,
                "quota": false,
                "replicate": false,
                "size": 10
              }
            ],
            "environment_variables": null,
            "features": [
              {
                "fuse": false,
                "keyctl": true,
                "mount": null,
                "nesting": true
              }
            ],
            "hook_script_file_id": null,
            "id": "614",
            "initialization": [
              {
                "dns": [
                  {
                    "domain": "",
                    "server": "",
                    "servers": [
                      "192.168.1.254"
                    ]
                  }
                ],
                "hostname": "infra-nucleoedge",
                "ip_config": [
                  {
                    "ipv4": [
                      {
                        "address": "192.168.1.114/24",
                        "gateway": "192.168.1.254"
                      }
                    ],
                    "ipv6": []
                  }
                ],
                "user_account": []
              }
            ],
            "ipv4": {},
            "ipv6": {},
            "memory": [
              {
                "dedicated": 2048,
                "swap": 512
              }
            ],
            "mount_point": [],
            "network_interface": [],
            "node_name": "pve",
            "operating_system": [],
            "pool_id": null,
            "protection": false,
            "start_on_boot": true,
            "started": true,
            "startup": [],
            "tags": [
              "infra",
              "nucleo",
              "prod",
              "sgtm"
            ],
            "template": false,
            "timeout_clone": 1800,
            "timeout_create": 1800,
            "timeout_delete": 60,
            "timeout_start": 300,
            "timeout_update": 1800,
            "unprivileged": false,
            "vm_id": 614,
            "wait_for_ip": []
          },
          "sensitive_attributes": [],
          "identity_schema_version": 0,
          "private": "bnVsbA=="
        },
        {
          "index_key": "infra-orbit",
          "schema_version": 0,
          "attributes": {
            "clone": [
              {
                "datastore_id": "local-lvm",
                "node_name": "pve",
                "vm_id": 104
              }
            ],
            "console": [],
            "cpu": [
              {
                "architecture": "amd64",
                "cores": 1,
                "units": 1024
              }
            ],
            "description": "Managed by Terraform - Service: infra-orbit\n",
            "device_passthrough": [],
            "disk": [
              {
                "acl": false,
                "datastore_id": "local-lvm",
                "mount_options": null,
                "quota": false,
                "replicate": false,
                "size": 10
              }
            ],
            "environment_variables": null,
            "features": [
              {
                "fuse": false,
                "keyctl": true,
                "mount": null,
                "nesting": true
              }
            ],
            "hook_script_file_id": null,
            "id": "617",
            "initialization": [
              {
                "dns": [
                  {
                    "domain": "",
                    "server": "",
                    "servers": [
                      "192.168.1.254"
                    ]
                  }
                ],
                "hostname": "infra-orbit",
                "ip_config": [
                  {
                    "ipv4": [
                      {
                        "address": "192.168.1.117/24",
                        "gateway": "192.168.1.254"
                      }
                    ],
                    "ipv6": []
                  }
                ],
                "user_account": []
              }
            ],
            "ipv4": {},
            "ipv6": {},
            "memory": [
              {
                "dedicated": 512,
                "swap": 512
              }
            ],
            "mount_point": [],
            "network_interface": [],
            "node_name": "pve",
            "operating_system": [],
            "pool_id": null,
            "protection": false,
            "start_on_boot": true,
            "started": true,
            "startup": [],
            "tags": [
              "analytics",
              "infra",
              "internal",
              "nucleo-tecnologico"
            ],
            "template": false,
            "timeout_clone": 1800,
            "timeout_create": 1800,
            "timeout_delete": 60,
            "timeout_start": 300,
            "timeout_update": 1800,
            "unprivileged": false,
            "vm_id": 617,
            "wait_for_ip": []
          },
          "sensitive_attributes": [],
          "identity_schema_version": 0,
          "private": "bnVsbA=="
        },
        {
          "index_key": "infra-prom",
          "schema_version": 0,
          "attributes": {
            "clone": [
              {
                "datastore_id": "local-lvm",
                "node_name": "pve",
                "vm_id": 104
              }
            ],
            "console": [],
            "cpu": [
              {
                "architecture": "amd64",
                "cores": 2,
                "units": 1024
              }
            ],
            "description": "Managed by Terraform - Service: infra-prom\n",
            "device_passthrough": [],
            "disk": [
              {
                "acl": false,
                "datastore_id": "local-lvm",
                "mount_options": null,
                "quota": false,
                "replicate": false,
                "size": 10
              }
            ],
            "environment_variables": null,
            "features": [
              {
                "fuse": false,
                "keyctl": true,
                "mount": null,
                "nesting": true
              }
            ],
            "hook_script_file_id": null,
            "id": "610",
            "initialization": [
              {
                "dns": [
                  {
                    "domain": "",
                    "server": "",
                    "servers": [
                      "192.168.1.254"
                    ]
                  }
                ],
                "hostname": "infra-prom",
                "ip_config": [
                  {
                    "ipv4": [
                      {
                        "address": "192.168.1.110/24",
                        "gateway": "192.168.1.254"
                      }
                    ],
                    "ipv6": []
                  }
                ],
                "user_account": []
              }
            ],
            "ipv4": {},
            "ipv6": {},
            "memory": [
              {
                "dedicated": 2048,
                "swap": 512
              }
            ],
            "mount_point": [],
            "network_interface": [],
            "node_name": "pve",
            "operating_system": [],
            "pool_id": null,
            "protection": false,
            "start_on_boot": true,
            "started": true,
            "startup": [],
            "tags": [
              "infra",
              "monitoring",
              "prometheus"
            ],
            "template": false,
            "timeout_clone": 1800,
            "timeout_create": 1800,
            "timeout_delete": 60,
            "timeout_start": 300,
            "timeout_update": 1800,
            "unprivileged": false,
            "vm_id": 610,
            "wait_for_ip": []
          },
          "sensitive_attributes": [],
          "identity_schema_version": 0,
          "private": "bnVsbA=="
        },
        {
          "index_key": "infra-pulpo",
          "schema_version": 0,
          "attributes": {
            "clone": [
              {
                "datastore_id": "local-lvm",
                "node_name": "pve",
                "vm_id": 104
              }
            ],
            "console": [],
            "cpu": [
              {
                "architecture": "amd64",
                "cores": 2,
                "units": 1024
              }
            ],
            "description": "Managed by Terraform - Service: infra-pulpo\n",
            "device_passthrough": [],
            "disk": [
              {
                "acl": false,
                "datastore_id": "local-lvm",
                "mount_options": null,
                "path_in_datastore": "local-lvm:vm-619-disk-0",
                "quota": false,
                "replicate": false,
                "size": 10
              }
            ],
            "environment_variables": null,
            "features": [
              {
                "fuse": false,
                "keyctl": true,
                "mount": null,
                "nesting": true
              }
            ],
            "hook_script_file_id": null,
            "id": "619",
            "initialization": [
              {
                "dns": [
                  {
                    "domain": "",
                    "server": "",
                    "servers": [
                      "192.168.1.254"
                    ]
                  }
                ],
                "hostname": "infra-pulpo",
                "ip_config": [
                  {
                    "ipv4": [
                      {
                        "address": "192.168.1.119/24",
                        "gateway": "192.168.1.254"
                      }
                    ],
                    "ipv6": []
                  }
                ],
                "user_account": []
              }
            ],
            "ipv4": {},
            "ipv6": {},
            "memory": [
              {
                "dedicated": 2048,
                "swap": 512
              }
            ],
            "mount_point": [],
            "network_interface": [],
            "node_name": "pve",
            "operating_system": [],
            "pool_id": null,
            "protection": false,
            "start_on_boot": true,
            "started": true,
            "startup": [],
            "tags": [
              "automation",
              "infra",
              "internal"
            ],
            "template": false,
            "timeout_clone": 1800,
            "timeout_create": 1800,
            "timeout_delete": 60,
            "timeout_start": 300,
            "timeout_update": 1800,
            "unprivileged": false,
            "vm_id": 619,
            "wait_for_ip": []
          },
          "sensitive_attributes": [],
          "identity_schema_version": 0,
          "private": "bnVsbA=="
        },
        {
          "index_key": "infra-svc01",
          "schema_version": 0,
          "attributes": {
            "clone": [
              {
                "datastore_id": "local-lvm",
                "node_name": "pve",
                "vm_id": 104
              }
            ],
            "console": [],
            "cpu": [
              {
                "architecture": "amd64",
                "cores": 3,
                "units": 1024
              }
            ],
            "description": "Managed by Terraform - Service: svc01\n",
            "device_passthrough": [],
            "disk": [
              {
                "acl": false,
                "datastore_id": "local-lvm",
                "mount_options": [],
                "quota": false,
                "replicate": false,
                "size": 40
              }
            ],
            "environment_variables": {},
            "features": [
              {
                "fuse": false,
                "keyctl": true,
                "mount": [],
                "nesting": true
              }
            ],
            "hook_script_file_id": null,
            "id": "61211",
            "initialization": [
              {
                "dns": [
                  {
                    "domain": "",
                    "server": "",
                    "servers": [
                      "192.168.1.254"
                    ]
                  }
                ],
                "hostname": "svc01",
                "ip_config": [
                  {
                    "ipv4": [
                      {
                        "address": "192.168.1.112/24",
                        "gateway": "192.168.1.254"
                      }
                    ],
                    "ipv6": []
                  }
                ],
                "user_account": []
              }
            ],
            "ipv4": {},
            "ipv6": {},
            "memory": [
              {
                "dedicated": 6656,
                "swap": 512
              }
            ],
            "mount_point": [],
            "network_interface": [],
            "node_name": "pve",
            "operating_system": [],
            "pool_id": null,
            "protection": false,
            "start_on_boot": true,
            "started": true,
            "startup": [],
            "tags": [
              "generic",
              "infra",
              "internal",
              "nocodb"
            ],
            "template": false,
            "timeout_clone": 1800,
            "timeout_create": 1800,
            "timeout_delete": 60,
            "timeout_start": 300,
            "timeout_update": 1800,
            "unprivileged": false,
            "vm_id": 61211,
            "wait_for_ip": []
          },
          "sensitive_attributes": [],
          "identity_schema_version": 0,
          "private": "bnVsbA=="
        }
      ]
    }
  ],
  "check_results": null
}
