{
  "version": 4,
  "terraform_version": "1.14.3",
  "serial": 15,
  "lineage": "cd02930a-27db-2a1c-0843-b7caa4a20f7a",
  "outputs": {
    "services": {
      "value": {
        "infra-prom": {
          "cpu": 2,
          "disk_gb": 30,
          "dns": [
            "192.168.1.254"
          ],
          "gateway": "192.168.1.254",
          "ip": "192.168.1.110/24",
          "memory": 4096,
          "name": "infra-prom",
          "storage": "local-lvm",
          "tags": [
            "infra",
            "monitoring",
            "prometheus"
          ],
          "template": 106,
          "vm_id": 610
        }
      },
      "type": [
        "object",
        {
          "infra-prom": [
            "object",
            {
              "cpu": "number",
              "disk_gb": "number",
              "dns": [
                "tuple",
                [
                  "string"
                ]
              ],
              "gateway": "string",
              "ip": "string",
              "memory": "number",
              "name": "string",
              "storage": "string",
              "tags": [
                "list",
                "string"
              ],
              "template": "number",
              "vm_id": "number"
            }
          ]
        }
      ]
    }
  },
  "resources": [
    {
      "mode": "managed",
      "type": "proxmox_virtual_environment_container",
      "name": "svc",
      "provider": "provider[\"registry.terraform.io/bpg/proxmox\"]",
      "instances": [
        {
          "index_key": "infra-prom",
          "schema_version": 0,
          "attributes": {
            "clone": [
              {
                "datastore_id": "local-lvm",
                "node_name": "pve",
                "vm_id": 106
              }
            ],
            "console": [],
            "cpu": [
              {
                "architecture": "amd64",
                "cores": 2,
                "units": 1024
              }
            ],
            "description": "Managed by Terraform (inventory-driven)\n",
            "device_passthrough": [],
            "disk": [
              {
                "acl": false,
                "datastore_id": "local-lvm",
                "mount_options": null,
                "quota": false,
                "replicate": false,
                "size": 50
              }
            ],
            "environment_variables": null,
            "features": [],
            "hook_script_file_id": null,
            "id": "610",
            "initialization": [
              {
                "dns": [
                  {
                    "domain": "",
                    "server": "",
                    "servers": [
                      "192.168.1.254"
                    ]
                  }
                ],
                "hostname": "infra-prom",
                "ip_config": [
                  {
                    "ipv4": [
                      {
                        "address": "192.168.1.110/24",
                        "gateway": "192.168.1.254"
                      }
                    ],
                    "ipv6": []
                  }
                ],
                "user_account": []
              }
            ],
            "ipv4": {},
            "ipv6": {},
            "memory": [
              {
                "dedicated": 4096,
                "swap": 0
              }
            ],
            "mount_point": [],
            "network_interface": [],
            "node_name": "pve",
            "operating_system": [],
            "pool_id": null,
            "protection": false,
            "start_on_boot": true,
            "started": true,
            "startup": [],
            "tags": [
              "infra",
              "monitoring",
              "prometheus"
            ],
            "template": false,
            "timeout_clone": 1800,
            "timeout_create": 1800,
            "timeout_delete": 60,
            "timeout_start": 300,
            "timeout_update": 1800,
            "unprivileged": false,
            "vm_id": 610,
            "wait_for_ip": []
          },
          "sensitive_attributes": [],
          "identity_schema_version": 0,
          "private": "bnVsbA=="
        }
      ]
    }
  ],
  "check_results": null
}
